<?xml version="1.0" encoding="utf-8"?>
<Project ToolsVersion="4.0" xmlns="http://schemas.microsoft.com/developer/msbuild/2003">
  <ItemGroup>
    <Filter Include="CSS">
      <UniqueIdentifier>{b894ee24-e38d-4812-af51-6f6628018868}</UniqueIdentifier>
    </Filter>
    <Filter Include="JavaScript">
      <UniqueIdentifier>{61ae7198-2a13-4a51-b565-5c5d018da04c}</UniqueIdentifier>
    </Filter>
    <Filter Include="HTML">
      <UniqueIdentifier>{4FC737F1-C7A5-4376-A066-2A32D752A2FF}</UniqueIdentifier>
      <Extensions>cpp;c;cc;cxx;c++;def;odl;idl;hpj;bat;asm;asmx</Extensions>
    </Filter>
  </ItemGroup>
  <ItemGroup>
    <None Include="Prologue.html">
      <Filter>HTML</Filter>
    </None>
    <None Include="Blog.html">
      <Filter>HTML</Filter>
    </None>
    <None Include="Guestbook.html">
      <Filter>HTML</Filter>
    </None>
    <None Include="css\2_Header.css">
      <Filter>CSS</Filter>
    </None>
    <None Include="css\3_Navigation.css">
      <Filter>CSS</Filter>
    </None>
    <None Include="css\4_Search.css">
      <Filter>CSS</Filter>
    </None>
    <None Include="Css\6_Footer.css">
      <Filter>CSS</Filter>
    </None>
    <None Include="Css\BackgroundLines.css">
      <Filter>CSS</Filter>
    </None>
    <None Include="_Test.htm">
      <Filter>HTML</Filter>
    </None>
    <None Include="css\5_Section.css">
      <Filter>CSS</Filter>
    </None>
    <None Include="JavaScript\Clock.js">
      <Filter>JavaScript</Filter>
    </None>
    <None Include="JavaScript\Lines.js">
      <Filter>JavaScript</Filter>
    </None>
    <None Include="css\1_Page.css">
      <Filter>CSS</Filter>
    </None>
    <None Include="Css\ImageEffect.css">
      <Filter>CSS</Filter>
    </None>
  </ItemGroup>
</Project>